
Microsoft Visual Studio Solution File, Format Version 12.00
# Visual Studio Version 16
VisualStudioVersion = 16.0.31112.23
MinimumVisualStudioVersion = 10.0.40219.1
Project("{FAE04EC0-301F-11D3-BF4B-00C04F79EFBC}") = "ooparty-csharp", "ooparty-csharp\ooparty-csharp.csproj", "{73DA364F-F05E-4583-B8AF-05BF8CF2B0AA}"
EndProject
Global
	GlobalSection(SolutionConfigurationPlatforms) = preSolution
		Debug|Any CPU = Debug|Any CPU
		Release|Any CPU = Release|Any CPU
	EndGlobalSection
	GlobalSection(ProjectConfigurationPlatforms) = postSolution
		{73DA364F-F05E-4583-B8AF-05BF8CF2B0AA}.Debug|Any CPU.ActiveCfg = Debug|Any CPU
		{73DA364F-F05E-4583-B8AF-05BF8CF2B0AA}.Debug|Any CPU.Build.0 = Debug|Any CPU
		{73DA364F-F05E-4583-B8AF-05BF8CF2B0AA}.Release|Any CPU.ActiveCfg = Release|Any CPU
		{73DA364F-F05E-4583-B8AF-05BF8CF2B0AA}.Release|Any CPU.Build.0 = Release|Any CPU
	EndGlobalSection
	GlobalSection(SolutionProperties) = preSolution
		HideSolutionNode = FALSE
	EndGlobalSection
	GlobalSection(ExtensibilityGlobals) = postSolution
		SolutionGuid = {F7D418FA-227C-4CAF-A035-EE80D8182368}
	EndGlobalSection
EndGlobal
